
Microsoft Visual Studio Solution File, Format Version 12.00
# Visual Studio Version 17
VisualStudioVersion = 17.11.35327.3
MinimumVisualStudioVersion = 10.0.40219.1
Project("{FAE04EC0-301F-11D3-BF4B-00C04F79EFBC}") = "GyakBeadando", "GyakBeadando\GyakBeadando.csproj", "{AA647AB3-BC27-4E27-A71D-08105BCB4025}"
EndProject
Global
	GlobalSection(SolutionConfigurationPlatforms) = preSolution
		Debug|Any CPU = Debug|Any CPU
		Release|Any CPU = Release|Any CPU
	EndGlobalSection
	GlobalSection(ProjectConfigurationPlatforms) = postSolution
		{AA647AB3-BC27-4E27-A71D-08105BCB4025}.Debug|Any CPU.ActiveCfg = Debug|Any CPU
		{AA647AB3-BC27-4E27-A71D-08105BCB4025}.Debug|Any CPU.Build.0 = Debug|Any CPU
		{AA647AB3-BC27-4E27-A71D-08105BCB4025}.Release|Any CPU.ActiveCfg = Release|Any CPU
		{AA647AB3-BC27-4E27-A71D-08105BCB4025}.Release|Any CPU.Build.0 = Release|Any CPU
	EndGlobalSection
	GlobalSection(SolutionProperties) = preSolution
		HideSolutionNode = FALSE
	EndGlobalSection
	GlobalSection(ExtensibilityGlobals) = postSolution
		SolutionGuid = {48B2F246-5513-4F46-A8A0-11B6FDFAF19B}
	EndGlobalSection
EndGlobal
